// !$*UTF8*$!
{
	archiveVersion = 1;
	classes = {
	};
	objectVersion = 46;
	objects = {

/* Begin PBXBuildFile section */
		95B42ECD18BF0AF5009DC2B8 /* background-ipad.atlas in Resources */ = {isa = PBXBuildFile; fileRef = 95B42EC218BF0AF5009DC2B8 /* background-ipad.atlas */; };
		95B42ECE18BF0AF5009DC2B8 /* foreground-ipad.atlas in Resources */ = {isa = PBXBuildFile; fileRef = 95B42EC318BF0AF5009DC2B8 /* foreground-ipad.atlas */; };
		95B42ECF18BF0AF5009DC2B8 /* sprites-ipad.atlas in Resources */ = {isa = PBXBuildFile; fileRef = 95B42EC418BF0AF5009DC2B8 /* sprites-ipad.atlas */; };
		95B42ED018BF0AF5009DC2B8 /* background.atlas in Resources */ = {isa = PBXBuildFile; fileRef = 95B42EC618BF0AF5009DC2B8 /* background.atlas */; };
		95B42ED118BF0AF5009DC2B8 /* foreground.atlas in Resources */ = {isa = PBXBuildFile; fileRef = 95B42EC718BF0AF5009DC2B8 /* foreground.atlas */; };
		95B42ED218BF0AF5009DC2B8 /* sprites.atlas in Resources */ = {isa = PBXBuildFile; fileRef = 95B42EC818BF0AF5009DC2B8 /* sprites.atlas */; };
		95B42ED318BF0AF5009DC2B8 /* background-568.atlas in Resources */ = {isa = PBXBuildFile; fileRef = 95B42ECA18BF0AF5009DC2B8 /* background-568.atlas */; };
		95B42ED418BF0AF5009DC2B8 /* foreground-568.atlas in Resources */ = {isa = PBXBuildFile; fileRef = 95B42ECB18BF0AF5009DC2B8 /* foreground-568.atlas */; };
		95B42ED518BF0AF5009DC2B8 /* sprites-568.atlas in Resources */ = {isa = PBXBuildFile; fileRef = 95B42ECC18BF0AF5009DC2B8 /* sprites-568.atlas */; };
		95EAADC318BDD87D00DA359D /* Foundation.framework in Frameworks */ = {isa = PBXBuildFile; fileRef = 95EAADC218BDD87D00DA359D /* Foundation.framework */; };
		95EAADC518BDD87D00DA359D /* CoreGraphics.framework in Frameworks */ = {isa = PBXBuildFile; fileRef = 95EAADC418BDD87D00DA359D /* CoreGraphics.framework */; };
		95EAADC718BDD87D00DA359D /* UIKit.framework in Frameworks */ = {isa = PBXBuildFile; fileRef = 95EAADC618BDD87D00DA359D /* UIKit.framework */; };
		95EAADCD18BDD87D00DA359D /* InfoPlist.strings in Resources */ = {isa = PBXBuildFile; fileRef = 95EAADCB18BDD87D00DA359D /* InfoPlist.strings */; };
		95EAADCF18BDD87D00DA359D /* main.m in Sources */ = {isa = PBXBuildFile; fileRef = 95EAADCE18BDD87D00DA359D /* main.m */; };
		95EAADD318BDD87D00DA359D /* AppDelegate.m in Sources */ = {isa = PBXBuildFile; fileRef = 95EAADD218BDD87D00DA359D /* AppDelegate.m */; };
		95EAADD618BDD87D00DA359D /* Main_iPhone.storyboard in Resources */ = {isa = PBXBuildFile; fileRef = 95EAADD418BDD87D00DA359D /* Main_iPhone.storyboard */; };
		95EAADD918BDD87D00DA359D /* Main_iPad.storyboard in Resources */ = {isa = PBXBuildFile; fileRef = 95EAADD718BDD87D00DA359D /* Main_iPad.storyboard */; };
		95EAADDC18BDD87D00DA359D /* ViewController.m in Sources */ = {isa = PBXBuildFile; fileRef = 95EAADDB18BDD87D00DA359D /* ViewController.m */; };
		95EAADDE18BDD87D00DA359D /* Images.xcassets in Resources */ = {isa = PBXBuildFile; fileRef = 95EAADDD18BDD87D00DA359D /* Images.xcassets */; };
		95EAADE518BDD87D00DA359D /* XCTest.framework in Frameworks */ = {isa = PBXBuildFile; fileRef = 95EAADE418BDD87D00DA359D /* XCTest.framework */; };
		95EAADE618BDD87D00DA359D /* Foundation.framework in Frameworks */ = {isa = PBXBuildFile; fileRef = 95EAADC218BDD87D00DA359D /* Foundation.framework */; };
		95EAADE718BDD87D00DA359D /* UIKit.framework in Frameworks */ = {isa = PBXBuildFile; fileRef = 95EAADC618BDD87D00DA359D /* UIKit.framework */; };
		95EAADEF18BDD87D00DA359D /* InfoPlist.strings in Resources */ = {isa = PBXBuildFile; fileRef = 95EAADED18BDD87D00DA359D /* InfoPlist.strings */; };
		95EAADF118BDD87D00DA359D /* testTests.m in Sources */ = {isa = PBXBuildFile; fileRef = 95EAADF018BDD87D00DA359D /* testTests.m */; };
		95EAADFB18BDD89100DA359D /* SpriteKit.framework in Frameworks */ = {isa = PBXBuildFile; fileRef = 95EAADFA18BDD89100DA359D /* SpriteKit.framework */; };
		95EAADFE18BDD8DB00DA359D /* GameSence.m in Sources */ = {isa = PBXBuildFile; fileRef = 95EAADFD18BDD8DB00DA359D /* GameSence.m */; };
/* End PBXBuildFile section */

/* Begin PBXContainerItemProxy section */
		95EAADE818BDD87D00DA359D /* PBXContainerItemProxy */ = {
			isa = PBXContainerItemProxy;
			containerPortal = 95EAADB718BDD87D00DA359D /* Project object */;
			proxyType = 1;
			remoteGlobalIDString = 95EAADBE18BDD87D00DA359D;
			remoteInfo = test;
		};
/* End PBXContainerItemProxy section */

/* Begin PBXFileReference section */
		95B42EC218BF0AF5009DC2B8 /* background-ipad.atlas */ = {isa = PBXFileReference; lastKnownFileType = folder.skatlas; path = "background-ipad.atlas"; sourceTree = "<group>"; };
		95B42EC318BF0AF5009DC2B8 /* foreground-ipad.atlas */ = {isa = PBXFileReference; lastKnownFileType = folder.skatlas; path = "foreground-ipad.atlas"; sourceTree = "<group>"; };
		95B42EC418BF0AF5009DC2B8 /* sprites-ipad.atlas */ = {isa = PBXFileReference; lastKnownFileType = folder.skatlas; path = "sprites-ipad.atlas"; sourceTree = "<group>"; };
		95B42EC618BF0AF5009DC2B8 /* background.atlas */ = {isa = PBXFileReference; lastKnownFileType = folder.skatlas; path = background.atlas; sourceTree = "<group>"; };
		95B42EC718BF0AF5009DC2B8 /* foreground.atlas */ = {isa = PBXFileReference; lastKnownFileType = folder.skatlas; path = foreground.atlas; sourceTree = "<group>"; };
		95B42EC818BF0AF5009DC2B8 /* sprites.atlas */ = {isa = PBXFileReference; lastKnownFileType = folder.skatlas; path = sprites.atlas; sourceTree = "<group>"; };
		95B42ECA18BF0AF5009DC2B8 /* background-568.atlas */ = {isa = PBXFileReference; lastKnownFileType = folder.skatlas; path = "background-568.atlas"; sourceTree = "<group>"; };
		95B42ECB18BF0AF5009DC2B8 /* foreground-568.atlas */ = {isa = PBXFileReference; lastKnownFileType = folder.skatlas; path = "foreground-568.atlas"; sourceTree = "<group>"; };
		95B42ECC18BF0AF5009DC2B8 /* sprites-568.atlas */ = {isa = PBXFileReference; lastKnownFileType = folder.skatlas; path = "sprites-568.atlas"; sourceTree = "<group>"; };
		95EAADBF18BDD87D00DA359D /* hitmole.app */ = {isa = PBXFileReference; explicitFileType = wrapper.application; includeInIndex = 0; path = hitmole.app; sourceTree = BUILT_PRODUCTS_DIR; };
		95EAADC218BDD87D00DA359D /* Foundation.framework */ = {isa = PBXFileReference; lastKnownFileType = wrapper.framework; name = Foundation.framework; path = System/Library/Frameworks/Foundation.framework; sourceTree = SDKROOT; };
		95EAADC418BDD87D00DA359D /* CoreGraphics.framework */ = {isa = PBXFileReference; lastKnownFileType = wrapper.framework; name = CoreGraphics.framework; path = System/Library/Frameworks/CoreGraphics.framework; sourceTree = SDKROOT; };
		95EAADC618BDD87D00DA359D /* UIKit.framework */ = {isa = PBXFileReference; lastKnownFileType = wrapper.framework; name = UIKit.framework; path = System/Library/Frameworks/UIKit.framework; sourceTree = SDKROOT; };
		95EAADCA18BDD87D00DA359D /* hitmole-Info.plist */ = {isa = PBXFileReference; lastKnownFileType = text.plist.xml; path = "hitmole-Info.plist"; sourceTree = "<group>"; };
		95EAADCC18BDD87D00DA359D /* en */ = {isa = PBXFileReference; lastKnownFileType = text.plist.strings; name = en; path = en.lproj/InfoPlist.strings; sourceTree = "<group>"; };
		95EAADCE18BDD87D00DA359D /* main.m */ = {isa = PBXFileReference; lastKnownFileType = sourcecode.c.objc; path = main.m; sourceTree = "<group>"; };
		95EAADD018BDD87D00DA359D /* hitmole-Prefix.pch */ = {isa = PBXFileReference; lastKnownFileType = sourcecode.c.h; path = "hitmole-Prefix.pch"; sourceTree = "<group>"; };
		95EAADD118BDD87D00DA359D /* AppDelegate.h */ = {isa = PBXFileReference; lastKnownFileType = sourcecode.c.h; path = AppDelegate.h; sourceTree = "<group>"; };
		95EAADD218BDD87D00DA359D /* AppDelegate.m */ = {isa = PBXFileReference; lastKnownFileType = sourcecode.c.objc; path = AppDelegate.m; sourceTree = "<group>"; };
		95EAADD518BDD87D00DA359D /* Base */ = {isa = PBXFileReference; lastKnownFileType = file.storyboard; name = Base; path = Base.lproj/Main_iPhone.storyboard; sourceTree = "<group>"; };
		95EAADD818BDD87D00DA359D /* Base */ = {isa = PBXFileReference; lastKnownFileType = file.storyboard; name = Base; path = Base.lproj/Main_iPad.storyboard; sourceTree = "<group>"; };
		95EAADDA18BDD87D00DA359D /* ViewController.h */ = {isa = PBXFileReference; lastKnownFileType = sourcecode.c.h; path = ViewController.h; sourceTree = "<group>"; };
		95EAADDB18BDD87D00DA359D /* ViewController.m */ = {isa = PBXFileReference; lastKnownFileType = sourcecode.c.objc; path = ViewController.m; sourceTree = "<group>"; };
		95EAADDD18BDD87D00DA359D /* Images.xcassets */ = {isa = PBXFileReference; lastKnownFileType = folder.assetcatalog; path = Images.xcassets; sourceTree = "<group>"; };
		95EAADE318BDD87D00DA359D /* hitmoleTests.xctest */ = {isa = PBXFileReference; explicitFileType = wrapper.cfbundle; includeInIndex = 0; path = hitmoleTests.xctest; sourceTree = BUILT_PRODUCTS_DIR; };
		95EAADE418BDD87D00DA359D /* XCTest.framework */ = {isa = PBXFileReference; lastKnownFileType = wrapper.framework; name = XCTest.framework; path = Library/Frameworks/XCTest.framework; sourceTree = DEVELOPER_DIR; };
		95EAADEC18BDD87D00DA359D /* hitmoleTests-Info.plist */ = {isa = PBXFileReference; lastKnownFileType = text.plist.xml; path = "hitmoleTests-Info.plist"; sourceTree = "<group>"; };
		95EAADEE18BDD87D00DA359D /* en */ = {isa = PBXFileReference; lastKnownFileType = text.plist.strings; name = en; path = en.lproj/InfoPlist.strings; sourceTree = "<group>"; };
		95EAADF018BDD87D00DA359D /* testTests.m */ = {isa = PBXFileReference; lastKnownFileType = sourcecode.c.objc; path = testTests.m; sourceTree = "<group>"; };
		95EAADFA18BDD89100DA359D /* SpriteKit.framework */ = {isa = PBXFileReference; lastKnownFileType = wrapper.framework; name = SpriteKit.framework; path = System/Library/Frameworks/SpriteKit.framework; sourceTree = SDKROOT; };
		95EAADFC18BDD8DB00DA359D /* GameSence.h */ = {isa = PBXFileReference; fileEncoding = 4; lastKnownFileType = sourcecode.c.h; path = GameSence.h; sourceTree = "<group>"; };
		95EAADFD18BDD8DB00DA359D /* GameSence.m */ = {isa = PBXFileReference; fileEncoding = 4; lastKnownFileType = sourcecode.c.objc; path = GameSence.m; sourceTree = "<group>"; };
/* End PBXFileReference section */

/* Begin PBXFrameworksBuildPhase section */
		95EAADBC18BDD87D00DA359D /* Frameworks */ = {
			isa = PBXFrameworksBuildPhase;
			buildActionMask = 2147483647;
			files = (
				95EAADFB18BDD89100DA359D /* SpriteKit.framework in Frameworks */,
				95EAADC518BDD87D00DA359D /* CoreGraphics.framework in Frameworks */,
				95EAADC718BDD87D00DA359D /* UIKit.framework in Frameworks */,
				95EAADC318BDD87D00DA359D /* Foundation.framework in Frameworks */,
			);
			runOnlyForDeploymentPostprocessing = 0;
		};
		95EAADE018BDD87D00DA359D /* Frameworks */ = {
			isa = PBXFrameworksBuildPhase;
			buildActionMask = 2147483647;
			files = (
				95EAADE518BDD87D00DA359D /* XCTest.framework in Frameworks */,
				95EAADE718BDD87D00DA359D /* UIKit.framework in Frameworks */,
				95EAADE618BDD87D00DA359D /* Foundation.framework in Frameworks */,
			);
			runOnlyForDeploymentPostprocessing = 0;
		};
/* End PBXFrameworksBuildPhase section */

/* Begin PBXGroup section */
		95B42EC018BF0AF5009DC2B8 /* Resourse */ = {
			isa = PBXGroup;
			children = (
				95B42EC118BF0AF5009DC2B8 /* iPad */,
				95B42EC518BF0AF5009DC2B8 /* iPhone */,
				95B42EC918BF0AF5009DC2B8 /* WidescreeniPhone */,
			);
			path = Resourse;
			sourceTree = "<group>";
		};
		95B42EC118BF0AF5009DC2B8 /* iPad */ = {
			isa = PBXGroup;
			children = (
				95B42EC218BF0AF5009DC2B8 /* background-ipad.atlas */,
				95B42EC318BF0AF5009DC2B8 /* foreground-ipad.atlas */,
				95B42EC418BF0AF5009DC2B8 /* sprites-ipad.atlas */,
			);
			path = iPad;
			sourceTree = "<group>";
		};
		95B42EC518BF0AF5009DC2B8 /* iPhone */ = {
			isa = PBXGroup;
			children = (
				95B42EC618BF0AF5009DC2B8 /* background.atlas */,
				95B42EC718BF0AF5009DC2B8 /* foreground.atlas */,
				95B42EC818BF0AF5009DC2B8 /* sprites.atlas */,
			);
			path = iPhone;
			sourceTree = "<group>";
		};
		95B42EC918BF0AF5009DC2B8 /* WidescreeniPhone */ = {
			isa = PBXGroup;
			children = (
				95B42ECA18BF0AF5009DC2B8 /* background-568.atlas */,
				95B42ECB18BF0AF5009DC2B8 /* foreground-568.atlas */,
				95B42ECC18BF0AF5009DC2B8 /* sprites-568.atlas */,
			);
			path = WidescreeniPhone;
			sourceTree = "<group>";
		};
		95EAADB618BDD87D00DA359D = {
			isa = PBXGroup;
			children = (
				95EAADC818BDD87D00DA359D /* test */,
				95EAADEA18BDD87D00DA359D /* testTests */,
				95EAADC118BDD87D00DA359D /* Frameworks */,
				95EAADC018BDD87D00DA359D /* Products */,
			);
			sourceTree = "<group>";
		};
		95EAADC018BDD87D00DA359D /* Products */ = {
			isa = PBXGroup;
			children = (
				95EAADBF18BDD87D00DA359D /* hitmole.app */,
				95EAADE318BDD87D00DA359D /* hitmoleTests.xctest */,
			);
			name = Products;
			sourceTree = "<group>";
		};
		95EAADC118BDD87D00DA359D /* Frameworks */ = {
			isa = PBXGroup;
			children = (
				95EAADFA18BDD89100DA359D /* SpriteKit.framework */,
				95EAADC218BDD87D00DA359D /* Foundation.framework */,
				95EAADC418BDD87D00DA359D /* CoreGraphics.framework */,
				95EAADC618BDD87D00DA359D /* UIKit.framework */,
				95EAADE418BDD87D00DA359D /* XCTest.framework */,
			);
			name = Frameworks;
			sourceTree = "<group>";
		};
		95EAADC818BDD87D00DA359D /* test */ = {
			isa = PBXGroup;
			children = (
				95B42EC018BF0AF5009DC2B8 /* Resourse */,
				95EAADD118BDD87D00DA359D /* AppDelegate.h */,
				95EAADD218BDD87D00DA359D /* AppDelegate.m */,
				95EAADD418BDD87D00DA359D /* Main_iPhone.storyboard */,
				95EAADD718BDD87D00DA359D /* Main_iPad.storyboard */,
				95EAADFC18BDD8DB00DA359D /* GameSence.h */,
				95EAADFD18BDD8DB00DA359D /* GameSence.m */,
				95EAADDA18BDD87D00DA359D /* ViewController.h */,
				95EAADDB18BDD87D00DA359D /* ViewController.m */,
				95EAADDD18BDD87D00DA359D /* Images.xcassets */,
				95EAADC918BDD87D00DA359D /* Supporting Files */,
			);
			path = test;
			sourceTree = "<group>";
		};
		95EAADC918BDD87D00DA359D /* Supporting Files */ = {
			isa = PBXGroup;
			children = (
				95EAADCA18BDD87D00DA359D /* hitmole-Info.plist */,
				95EAADCB18BDD87D00DA359D /* InfoPlist.strings */,
				95EAADCE18BDD87D00DA359D /* main.m */,
				95EAADD018BDD87D00DA359D /* hitmole-Prefix.pch */,
			);
			name = "Supporting Files";
			sourceTree = "<group>";
		};
		95EAADEA18BDD87D00DA359D /* testTests */ = {
			isa = PBXGroup;
			children = (
				95EAADF018BDD87D00DA359D /* testTests.m */,
				95EAADEB18BDD87D00DA359D /* Supporting Files */,
			);
			path = testTests;
			sourceTree = "<group>";
		};
		95EAADEB18BDD87D00DA359D /* Supporting Files */ = {
			isa = PBXGroup;
			children = (
				95EAADEC18BDD87D00DA359D /* hitmoleTests-Info.plist */,
				95EAADED18BDD87D00DA359D /* InfoPlist.strings */,
			);
			name = "Supporting Files";
			sourceTree = "<group>";
		};
/* End PBXGroup section */

/* Begin PBXNativeTarget section */
		95EAADBE18BDD87D00DA359D /* hitmole */ = {
			isa = PBXNativeTarget;
			buildConfigurationList = 95EAADF418BDD87D00DA359D /* Build configuration list for PBXNativeTarget "hitmole" */;
			buildPhases = (
				95EAADBB18BDD87D00DA359D /* Sources */,
				95EAADBC18BDD87D00DA359D /* Frameworks */,
				95EAADBD18BDD87D00DA359D /* Resources */,
			);
			buildRules = (
			);
			dependencies = (
			);
			name = hitmole;
			productName = test;
			productReference = 95EAADBF18BDD87D00DA359D /* hitmole.app */;
			productType = "com.apple.product-type.application";
		};
		95EAADE218BDD87D00DA359D /* hitmoleTests */ = {
			isa = PBXNativeTarget;
			buildConfigurationList = 95EAADF718BDD87D00DA359D /* Build configuration list for PBXNativeTarget "hitmoleTests" */;
			buildPhases = (
				95EAADDF18BDD87D00DA359D /* Sources */,
				95EAADE018BDD87D00DA359D /* Frameworks */,
				95EAADE118BDD87D00DA359D /* Resources */,
			);
			buildRules = (
			);
			dependencies = (
				95EAADE918BDD87D00DA359D /* PBXTargetDependency */,
			);
			name = hitmoleTests;
			productName = testTests;
			productReference = 95EAADE318BDD87D00DA359D /* hitmoleTests.xctest */;
			productType = "com.apple.product-type.bundle.unit-test";
		};
/* End PBXNativeTarget section */

/* Begin PBXProject section */
		95EAADB718BDD87D00DA359D /* Project object */ = {
			isa = PBXProject;
			attributes = {
				LastUpgradeCheck = 0500;
				ORGANIZATIONNAME = xo;
				TargetAttributes = {
					95EAADE218BDD87D00DA359D = {
						TestTargetID = 95EAADBE18BDD87D00DA359D;
					};
				};
			};
			buildConfigurationList = 95EAADBA18BDD87D00DA359D /* Build configuration list for PBXProject "hitmole" */;
			compatibilityVersion = "Xcode 3.2";
			developmentRegion = English;
			hasScannedForEncodings = 0;
			knownRegions = (
				en,
				Base,
			);
			mainGroup = 95EAADB618BDD87D00DA359D;
			productRefGroup = 95EAADC018BDD87D00DA359D /* Products */;
			projectDirPath = "";
			projectRoot = "";
			targets = (
				95EAADBE18BDD87D00DA359D /* hitmole */,
				95EAADE218BDD87D00DA359D /* hitmoleTests */,
			);
		};
/* End PBXProject section */

/* Begin PBXResourcesBuildPhase section */
		95EAADBD18BDD87D00DA359D /* Resources */ = {
			isa = PBXResourcesBuildPhase;
			buildActionMask = 2147483647;
			files = (
				95B42ED218BF0AF5009DC2B8 /* sprites.atlas in Resources */,
				95B42ED518BF0AF5009DC2B8 /* sprites-568.atlas in Resources */,
				95EAADD918BDD87D00DA359D /* Main_iPad.storyboard in Resources */,
				95B42ED418BF0AF5009DC2B8 /* foreground-568.atlas in Resources */,
				95B42ED118BF0AF5009DC2B8 /* foreground.atlas in Resources */,
				95B42ECD18BF0AF5009DC2B8 /* background-ipad.atlas in Resources */,
				95EAADDE18BDD87D00DA359D /* Images.xcassets in Resources */,
				95B42ED018BF0AF5009DC2B8 /* background.atlas in Resources */,
				95EAADD618BDD87D00DA359D /* Main_iPhone.storyboard in Resources */,
				95B42ECE18BF0AF5009DC2B8 /* foreground-ipad.atlas in Resources */,
				95EAADCD18BDD87D00DA359D /* InfoPlist.strings in Resources */,
				95B42ECF18BF0AF5009DC2B8 /* sprites-ipad.atlas in Resources */,
				95B42ED318BF0AF5009DC2B8 /* background-568.atlas in Resources */,
			);
			runOnlyForDeploymentPostprocessing = 0;
		};
		95EAADE118BDD87D00DA359D /* Resources */ = {
			isa = PBXResourcesBuildPhase;
			buildActionMask = 2147483647;
			files = (
				95EAADEF18BDD87D00DA359D /* InfoPlist.strings in Resources */,
			);
			runOnlyForDeploymentPostprocessing = 0;
		};
/* End PBXResourcesBuildPhase section */

/* Begin PBXSourcesBuildPhase section */
		95EAADBB18BDD87D00DA359D /* Sources */ = {
			isa = PBXSourcesBuildPhase;
			buildActionMask = 2147483647;
			files = (
				95EAADDC18BDD87D00DA359D /* ViewController.m in Sources */,
				95EAADD318BDD87D00DA359D /* AppDelegate.m in Sources */,
				95EAADFE18BDD8DB00DA359D /* GameSence.m in Sources */,
				95EAADCF18BDD87D00DA359D /* main.m in Sources */,
			);
			runOnlyForDeploymentPostprocessing = 0;
		};
		95EAADDF18BDD87D00DA359D /* Sources */ = {
			isa = PBXSourcesBuildPhase;
			buildActionMask = 2147483647;
			files = (
				95EAADF118BDD87D00DA359D /* testTests.m in Sources */,
			);
			runOnlyForDeploymentPostprocessing = 0;
		};
/* End PBXSourcesBuildPhase section */

/* Begin PBXTargetDependency section */
		95EAADE918BDD87D00DA359D /* PBXTargetDependency */ = {
			isa = PBXTargetDependency;
			target = 95EAADBE18BDD87D00DA359D /* hitmole */;
			targetProxy = 95EAADE818BDD87D00DA359D /* PBXContainerItemProxy */;
		};
/* End PBXTargetDependency section */

/* Begin PBXVariantGroup section */
		95EAADCB18BDD87D00DA359D /* InfoPlist.strings */ = {
			isa = PBXVariantGroup;
			children = (
				95EAADCC18BDD87D00DA359D /* en */,
			);
			name = InfoPlist.strings;
			sourceTree = "<group>";
		};
		95EAADD418BDD87D00DA359D /* Main_iPhone.storyboard */ = {
			isa = PBXVariantGroup;
			children = (
				95EAADD518BDD87D00DA359D /* Base */,
			);
			name = Main_iPhone.storyboard;
			sourceTree = "<group>";
		};
		95EAADD718BDD87D00DA359D /* Main_iPad.storyboard */ = {
			isa = PBXVariantGroup;
			children = (
				95EAADD818BDD87D00DA359D /* Base */,
			);
			name = Main_iPad.storyboard;
			sourceTree = "<group>";
		};
		95EAADED18BDD87D00DA359D /* InfoPlist.strings */ = {
			isa = PBXVariantGroup;
			children = (
				95EAADEE18BDD87D00DA359D /* en */,
			);
			name = InfoPlist.strings;
			sourceTree = "<group>";
		};
/* End PBXVariantGroup section */

/* Begin XCBuildConfiguration section */
		95EAADF218BDD87D00DA359D /* Debug */ = {
			isa = XCBuildConfiguration;
			buildSettings = {
				ALWAYS_SEARCH_USER_PATHS = NO;
				ARCHS = "$(ARCHS_STANDARD_INCLUDING_64_BIT)";
				CLANG_CXX_LANGUAGE_STANDARD = "gnu++0x";
				CLANG_CXX_LIBRARY = "libc++";
				CLANG_ENABLE_MODULES = YES;
				CLANG_ENABLE_OBJC_ARC = YES;
				CLANG_WARN_BOOL_CONVERSION = YES;
				CLANG_WARN_CONSTANT_CONVERSION = YES;
				CLANG_WARN_DIRECT_OBJC_ISA_USAGE = YES_ERROR;
				CLANG_WARN_EMPTY_BODY = YES;
				CLANG_WARN_ENUM_CONVERSION = YES;
				CLANG_WARN_INT_CONVERSION = YES;
				CLANG_WARN_OBJC_ROOT_CLASS = YES_ERROR;
				CLANG_WARN__DUPLICATE_METHOD_MATCH = YES;
				"CODE_SIGN_IDENTITY[sdk=iphoneos*]" = "iPhone Developer";
				COPY_PHASE_STRIP = NO;
				GCC_C_LANGUAGE_STANDARD = gnu99;
				GCC_DYNAMIC_NO_PIC = NO;
				GCC_OPTIMIZATION_LEVEL = 0;
				GCC_PREPROCESSOR_DEFINITIONS = (
					"DEBUG=1",
					"$(inherited)",
				);
				GCC_SYMBOLS_PRIVATE_EXTERN = NO;
				GCC_WARN_64_TO_32_BIT_CONVERSION = YES;
				GCC_WARN_ABOUT_RETURN_TYPE = YES_ERROR;
				GCC_WARN_UNDECLARED_SELECTOR = YES;
				GCC_WARN_UNINITIALIZED_AUTOS = YES;
				GCC_WARN_UNUSED_FUNCTION = YES;
				GCC_WARN_UNUSED_VARIABLE = YES;
				IPHONEOS_DEPLOYMENT_TARGET = 7.0;
				ONLY_ACTIVE_ARCH = YES;
				SDKROOT = iphoneos;
				TARGETED_DEVICE_FAMILY = "1,2";
			};
			name = Debug;
		};
		95EAADF318BDD87D00DA359D /* Release */ = {
			isa = XCBuildConfiguration;
			buildSettings = {
				ALWAYS_SEARCH_USER_PATHS = NO;
				ARCHS = "$(ARCHS_STANDARD_INCLUDING_64_BIT)";
				CLANG_CXX_LANGUAGE_STANDARD = "gnu++0x";
				CLANG_CXX_LIBRARY = "libc++";
				CLANG_ENABLE_MODULES = YES;
				CLANG_ENABLE_OBJC_ARC = YES;
				CLANG_WARN_BOOL_CONVERSION = YES;
				CLANG_WARN_CONSTANT_CONVERSION = YES;
				CLANG_WARN_DIRECT_OBJC_ISA_USAGE = YES_ERROR;
				CLANG_WARN_EMPTY_BODY = YES;
				CLANG_WARN_ENUM_CONVERSION = YES;
				CLANG_WARN_INT_CONVERSION = YES;
				CLANG_WARN_OBJC_ROOT_CLASS = YES_ERROR;
				CLANG_WARN__DUPLICATE_METHOD_MATCH = YES;
				"CODE_SIGN_IDENTITY[sdk=iphoneos*]" = "iPhone Developer";
				COPY_PHASE_STRIP = YES;
				ENABLE_NS_ASSERTIONS = NO;
				GCC_C_LANGUAGE_STANDARD = gnu99;
				GCC_WARN_64_TO_32_BIT_CONVERSION = YES;
				GCC_WARN_ABOUT_RETURN_TYPE = YES_ERROR;
				GCC_WARN_UNDECLARED_SELECTOR = YES;
				GCC_WARN_UNINITIALIZED_AUTOS = YES;
				GCC_WARN_UNUSED_FUNCTION = YES;
				GCC_WARN_UNUSED_VARIABLE = YES;
				IPHONEOS_DEPLOYMENT_TARGET = 7.0;
				SDKROOT = iphoneos;
				TARGETED_DEVICE_FAMILY = "1,2";
				VALIDATE_PRODUCT = YES;
			};
			name = Release;
		};
		95EAADF518BDD87D00DA359D /* Debug */ = {
			isa = XCBuildConfiguration;
			buildSettings = {
				ASSETCATALOG_COMPILER_APPICON_NAME = AppIcon;
				ASSETCATALOG_COMPILER_LAUNCHIMAGE_NAME = LaunchImage;
				GCC_PRECOMPILE_PREFIX_HEADER = YES;
				GCC_PREFIX_HEADER = "test/hitmole-Prefix.pch";
				INFOPLIST_FILE = "test/hitmole-Info.plist";
				PRODUCT_NAME = hitmole;
				SPRITEKIT_TEXTURE_ATLAS_OUTPUT = YES;
				WRAPPER_EXTENSION = app;
			};
			name = Debug;
		};
		95EAADF618BDD87D00DA359D /* Release */ = {
			isa = XCBuildConfiguration;
			buildSettings = {
				ASSETCATALOG_COMPILER_APPICON_NAME = AppIcon;
				ASSETCATALOG_COMPILER_LAUNCHIMAGE_NAME = LaunchImage;
				GCC_PRECOMPILE_PREFIX_HEADER = YES;
				GCC_PREFIX_HEADER = "test/hitmole-Prefix.pch";
				INFOPLIST_FILE = "test/hitmole-Info.plist";
				PRODUCT_NAME = hitmole;
				SPRITEKIT_TEXTURE_ATLAS_OUTPUT = YES;
				WRAPPER_EXTENSION = app;
			};
			name = Release;
		};
		95EAADF818BDD87D00DA359D /* Debug */ = {
			isa = XCBuildConfiguration;
			buildSettings = {
				ARCHS = "$(ARCHS_STANDARD_INCLUDING_64_BIT)";
				BUNDLE_LOADER = "$(BUILT_PRODUCTS_DIR)/test.app/test";
				FRAMEWORK_SEARCH_PATHS = (
					"$(SDKROOT)/Developer/Library/Frameworks",
					"$(inherited)",
					"$(DEVELOPER_FRAMEWORKS_DIR)",
				);
				GCC_PRECOMPILE_PREFIX_HEADER = YES;
				GCC_PREFIX_HEADER = "test/test-Prefix.pch";
				GCC_PREPROCESSOR_DEFINITIONS = (
					"DEBUG=1",
					"$(inherited)",
				);
				INFOPLIST_FILE = "testTests/hitmoleTests-Info.plist";
				PRODUCT_NAME = hitmoleTests;
				TEST_HOST = "$(BUNDLE_LOADER)";
				WRAPPER_EXTENSION = xctest;
			};
			name = Debug;
		};
		95EAADF918BDD87D00DA359D /* Release */ = {
			isa = XCBuildConfiguration;
			buildSettings = {
				ARCHS = "$(ARCHS_STANDARD_INCLUDING_64_BIT)";
				BUNDLE_LOADER = "$(BUILT_PRODUCTS_DIR)/test.app/test";
				FRAMEWORK_SEARCH_PATHS = (
					"$(SDKROOT)/Developer/Library/Frameworks",
					"$(inherited)",
					"$(DEVELOPER_FRAMEWORKS_DIR)",
				);
				GCC_PRECOMPILE_PREFIX_HEADER = YES;
				GCC_PREFIX_HEADER = "test/test-Prefix.pch";
				INFOPLIST_FILE = "testTests/hitmoleTests-Info.plist";
				PRODUCT_NAME = hitmoleTests;
				TEST_HOST = "$(BUNDLE_LOADER)";
				WRAPPER_EXTENSION = xctest;
			};
			name = Release;
		};
/* End XCBuildConfiguration section */

/* Begin XCConfigurationList section */
		95EAADBA18BDD87D00DA359D /* Build configuration list for PBXProject "hitmole" */ = {
			isa = XCConfigurationList;
			buildConfigurations = (
				95EAADF218BDD87D00DA359D /* Debug */,
				95EAADF318BDD87D00DA359D /* Release */,
			);
			defaultConfigurationIsVisible = 0;
			defaultConfigurationName = Release;
		};
		95EAADF418BDD87D00DA359D /* Build configuration list for PBXNativeTarget "hitmole" */ = {
			isa = XCConfigurationList;
			buildConfigurations = (
				95EAADF518BDD87D00DA359D /* Debug */,
				95EAADF618BDD87D00DA359D /* Release */,
			);
			defaultConfigurationIsVisible = 0;
			defaultConfigurationName = Release;
		};
		95EAADF718BDD87D00DA359D /* Build configuration list for PBXNativeTarget "hitmoleTests" */ = {
			isa = XCConfigurationList;
			buildConfigurations = (
				95EAADF818BDD87D00DA359D /* Debug */,
				95EAADF918BDD87D00DA359D /* Release */,
			);
			defaultConfigurationIsVisible = 0;
			defaultConfigurationName = Release;
		};
/* End XCConfigurationList section */
	};
	rootObject = 95EAADB718BDD87D00DA359D /* Project object */;
}
